
Microsoft Visual Studio Solution File, Format Version 12.00
# Visual Studio Version 17
VisualStudioVersion = 17.11.35222.181
MinimumVisualStudioVersion = 10.0.40219.1
Project("{9A19103F-16F7-4668-BE54-9A1E7A4F7556}") = "Api", "Api.csproj", "{4CE80B67-66FF-4CD4-B58E-63D509BDC76F}"
EndProject
Global
	GlobalSection(SolutionConfigurationPlatforms) = preSolution
		Debug|Any CPU = Debug|Any CPU
		Release|Any CPU = Release|Any CPU
	EndGlobalSection
	GlobalSection(ProjectConfigurationPlatforms) = postSolution
		{4CE80B67-66FF-4CD4-B58E-63D509BDC76F}.Debug|Any CPU.ActiveCfg = Debug|Any CPU
		{4CE80B67-66FF-4CD4-B58E-63D509BDC76F}.Debug|Any CPU.Build.0 = Debug|Any CPU
		{4CE80B67-66FF-4CD4-B58E-63D509BDC76F}.Release|Any CPU.ActiveCfg = Release|Any CPU
		{4CE80B67-66FF-4CD4-B58E-63D509BDC76F}.Release|Any CPU.Build.0 = Release|Any CPU
	EndGlobalSection
	GlobalSection(SolutionProperties) = preSolution
		HideSolutionNode = FALSE
	EndGlobalSection
	GlobalSection(ExtensibilityGlobals) = postSolution
		SolutionGuid = {C86727F0-A0B9-410C-AF22-C4BB31DC71D8}
	EndGlobalSection
EndGlobal
